// !$*UTF8*$!
{
	archiveVersion = 1;
	classes = {
	};
	objectVersion = 50;
	objects = {

/* Begin PBXBuildFile section */
		944E14A226BB099D001CDC1B /* ThesisBrowseView.swift in Sources */ = {isa = PBXBuildFile; fileRef = 944E14A126BB099D001CDC1B /* ThesisBrowseView.swift */; };
		945FCC7526B51A2A00DE0D88 /* mockupApp.swift in Sources */ = {isa = PBXBuildFile; fileRef = 945FCC7426B51A2A00DE0D88 /* mockupApp.swift */; };
		945FCC7726B51A2A00DE0D88 /* ContentView.swift in Sources */ = {isa = PBXBuildFile; fileRef = 945FCC7626B51A2A00DE0D88 /* ContentView.swift */; };
		945FCC7926B51A2A00DE0D88 /* Assets.xcassets in Resources */ = {isa = PBXBuildFile; fileRef = 945FCC7826B51A2A00DE0D88 /* Assets.xcassets */; };
		945FCC7C26B51A2A00DE0D88 /* Preview Assets.xcassets in Resources */ = {isa = PBXBuildFile; fileRef = 945FCC7B26B51A2A00DE0D88 /* Preview Assets.xcassets */; };
		945FCC8626B6006B00DE0D88 /* FeedView.swift in Sources */ = {isa = PBXBuildFile; fileRef = 945FCC8526B6006B00DE0D88 /* FeedView.swift */; };
		945FCC8826B62DA200DE0D88 /* SearchView.swift in Sources */ = {isa = PBXBuildFile; fileRef = 945FCC8726B62DA200DE0D88 /* SearchView.swift */; };
		945FCC8A26B792AB00DE0D88 /* EdView.swift in Sources */ = {isa = PBXBuildFile; fileRef = 945FCC8926B792AB00DE0D88 /* EdView.swift */; };
		945FCC8C26B7952D00DE0D88 /* ProfileView.swift in Sources */ = {isa = PBXBuildFile; fileRef = 945FCC8B26B7952D00DE0D88 /* ProfileView.swift */; };
		94A0032326BBCCC500F5A038 /* ThesisExample.swift in Sources */ = {isa = PBXBuildFile; fileRef = 94A0032226BBCCC500F5A038 /* ThesisExample.swift */; };
		94C4CFEC26BBA1E700C5EB0D /* ChartMockData.swift in Sources */ = {isa = PBXBuildFile; fileRef = 94C4CFEB26BBA1E700C5EB0D /* ChartMockData.swift */; };
		94C4CFEE26BBA6E400C5EB0D /* LineGraph.swift in Sources */ = {isa = PBXBuildFile; fileRef = 94C4CFED26BBA6E400C5EB0D /* LineGraph.swift */; };
		94C4CFF026BBA79000C5EB0D /* Helpers.swift in Sources */ = {isa = PBXBuildFile; fileRef = 94C4CFEF26BBA79000C5EB0D /* Helpers.swift */; };
/* End PBXBuildFile section */

/* Begin PBXFileReference section */
		944E14A126BB099D001CDC1B /* ThesisBrowseView.swift */ = {isa = PBXFileReference; lastKnownFileType = sourcecode.swift; path = ThesisBrowseView.swift; sourceTree = "<group>"; };
		945FCC7126B51A2A00DE0D88 /* mockup.app */ = {isa = PBXFileReference; explicitFileType = wrapper.application; includeInIndex = 0; path = mockup.app; sourceTree = BUILT_PRODUCTS_DIR; };
		945FCC7426B51A2A00DE0D88 /* mockupApp.swift */ = {isa = PBXFileReference; lastKnownFileType = sourcecode.swift; path = mockupApp.swift; sourceTree = "<group>"; };
		945FCC7626B51A2A00DE0D88 /* ContentView.swift */ = {isa = PBXFileReference; lastKnownFileType = sourcecode.swift; path = ContentView.swift; sourceTree = "<group>"; };
		945FCC7826B51A2A00DE0D88 /* Assets.xcassets */ = {isa = PBXFileReference; lastKnownFileType = folder.assetcatalog; path = Assets.xcassets; sourceTree = "<group>"; };
		945FCC7B26B51A2A00DE0D88 /* Preview Assets.xcassets */ = {isa = PBXFileReference; lastKnownFileType = folder.assetcatalog; path = "Preview Assets.xcassets"; sourceTree = "<group>"; };
		945FCC7D26B51A2A00DE0D88 /* Info.plist */ = {isa = PBXFileReference; lastKnownFileType = text.plist.xml; path = Info.plist; sourceTree = "<group>"; };
		945FCC8526B6006B00DE0D88 /* FeedView.swift */ = {isa = PBXFileReference; lastKnownFileType = sourcecode.swift; path = FeedView.swift; sourceTree = "<group>"; };
		945FCC8726B62DA200DE0D88 /* SearchView.swift */ = {isa = PBXFileReference; lastKnownFileType = sourcecode.swift; path = SearchView.swift; sourceTree = "<group>"; };
		945FCC8926B792AB00DE0D88 /* EdView.swift */ = {isa = PBXFileReference; lastKnownFileType = sourcecode.swift; path = EdView.swift; sourceTree = "<group>"; };
		945FCC8B26B7952D00DE0D88 /* ProfileView.swift */ = {isa = PBXFileReference; lastKnownFileType = sourcecode.swift; path = ProfileView.swift; sourceTree = "<group>"; };
		94A0032226BBCCC500F5A038 /* ThesisExample.swift */ = {isa = PBXFileReference; lastKnownFileType = sourcecode.swift; path = ThesisExample.swift; sourceTree = "<group>"; };
		94C4CFEB26BBA1E700C5EB0D /* ChartMockData.swift */ = {isa = PBXFileReference; lastKnownFileType = sourcecode.swift; path = ChartMockData.swift; sourceTree = "<group>"; };
		94C4CFED26BBA6E400C5EB0D /* LineGraph.swift */ = {isa = PBXFileReference; lastKnownFileType = sourcecode.swift; path = LineGraph.swift; sourceTree = "<group>"; };
		94C4CFEF26BBA79000C5EB0D /* Helpers.swift */ = {isa = PBXFileReference; lastKnownFileType = sourcecode.swift; path = Helpers.swift; sourceTree = "<group>"; };
/* End PBXFileReference section */

/* Begin PBXFrameworksBuildPhase section */
		945FCC6E26B51A2A00DE0D88 /* Frameworks */ = {
			isa = PBXFrameworksBuildPhase;
			buildActionMask = 2147483647;
			files = (
			);
			runOnlyForDeploymentPostprocessing = 0;
		};
/* End PBXFrameworksBuildPhase section */

/* Begin PBXGroup section */
		945FCC6826B51A2900DE0D88 = {
			isa = PBXGroup;
			children = (
				945FCC7326B51A2A00DE0D88 /* mockup */,
				945FCC7226B51A2A00DE0D88 /* Products */,
			);
			sourceTree = "<group>";
		};
		945FCC7226B51A2A00DE0D88 /* Products */ = {
			isa = PBXGroup;
			children = (
				945FCC7126B51A2A00DE0D88 /* mockup.app */,
			);
			name = Products;
			sourceTree = "<group>";
		};
		945FCC7326B51A2A00DE0D88 /* mockup */ = {
			isa = PBXGroup;
			children = (
				945FCC7426B51A2A00DE0D88 /* mockupApp.swift */,
				945FCC7626B51A2A00DE0D88 /* ContentView.swift */,
				945FCC8726B62DA200DE0D88 /* SearchView.swift */,
				94C4CFEB26BBA1E700C5EB0D /* ChartMockData.swift */,
				945FCC8926B792AB00DE0D88 /* EdView.swift */,
				94C4CFED26BBA6E400C5EB0D /* LineGraph.swift */,
				94A0032226BBCCC500F5A038 /* ThesisExample.swift */,
				94C4CFEF26BBA79000C5EB0D /* Helpers.swift */,
				944E14A126BB099D001CDC1B /* ThesisBrowseView.swift */,
				945FCC8B26B7952D00DE0D88 /* ProfileView.swift */,
				945FCC8526B6006B00DE0D88 /* FeedView.swift */,
				945FCC7826B51A2A00DE0D88 /* Assets.xcassets */,
				945FCC7D26B51A2A00DE0D88 /* Info.plist */,
				945FCC7A26B51A2A00DE0D88 /* Preview Content */,
			);
			path = mockup;
			sourceTree = "<group>";
		};
		945FCC7A26B51A2A00DE0D88 /* Preview Content */ = {
			isa = PBXGroup;
			children = (
				945FCC7B26B51A2A00DE0D88 /* Preview Assets.xcassets */,
			);
			path = "Preview Content";
			sourceTree = "<group>";
		};
/* End PBXGroup section */

/* Begin PBXNativeTarget section */
		945FCC7026B51A2A00DE0D88 /* mockup */ = {
			isa = PBXNativeTarget;
			buildConfigurationList = 945FCC8026B51A2A00DE0D88 /* Build configuration list for PBXNativeTarget "mockup" */;
			buildPhases = (
				945FCC6D26B51A2A00DE0D88 /* Sources */,
				945FCC6E26B51A2A00DE0D88 /* Frameworks */,
				945FCC6F26B51A2A00DE0D88 /* Resources */,
			);
			buildRules = (
			);
			dependencies = (
			);
			name = mockup;
			packageProductDependencies = (
			);
			productName = mockup;
			productReference = 945FCC7126B51A2A00DE0D88 /* mockup.app */;
			productType = "com.apple.product-type.application";
		};
/* End PBXNativeTarget section */

/* Begin PBXProject section */
		945FCC6926B51A2A00DE0D88 /* Project object */ = {
			isa = PBXProject;
			attributes = {
				LastSwiftUpdateCheck = 1250;
				LastUpgradeCheck = 1250;
				TargetAttributes = {
					945FCC7026B51A2A00DE0D88 = {
						CreatedOnToolsVersion = 12.5;
					};
				};
			};
			buildConfigurationList = 945FCC6C26B51A2A00DE0D88 /* Build configuration list for PBXProject "mockup" */;
			compatibilityVersion = "Xcode 9.3";
			developmentRegion = en;
			hasScannedForEncodings = 0;
			knownRegions = (
				en,
				Base,
			);
			mainGroup = 945FCC6826B51A2900DE0D88;
			packageReferences = (
			);
			productRefGroup = 945FCC7226B51A2A00DE0D88 /* Products */;
			projectDirPath = "";
			projectRoot = "";
			targets = (
				945FCC7026B51A2A00DE0D88 /* mockup */,
			);
		};
/* End PBXProject section */

/* Begin PBXResourcesBuildPhase section */
		945FCC6F26B51A2A00DE0D88 /* Resources */ = {
			isa = PBXResourcesBuildPhase;
			buildActionMask = 2147483647;
			files = (
				945FCC7C26B51A2A00DE0D88 /* Preview Assets.xcassets in Resources */,
				945FCC7926B51A2A00DE0D88 /* Assets.xcassets in Resources */,
			);
			runOnlyForDeploymentPostprocessing = 0;
		};
/* End PBXResourcesBuildPhase section */

/* Begin PBXSourcesBuildPhase section */
		945FCC6D26B51A2A00DE0D88 /* Sources */ = {
			isa = PBXSourcesBuildPhase;
			buildActionMask = 2147483647;
			files = (
				945FCC8826B62DA200DE0D88 /* SearchView.swift in Sources */,
				945FCC7726B51A2A00DE0D88 /* ContentView.swift in Sources */,
				945FCC8626B6006B00DE0D88 /* FeedView.swift in Sources */,
				94C4CFF026BBA79000C5EB0D /* Helpers.swift in Sources */,
				945FCC7526B51A2A00DE0D88 /* mockupApp.swift in Sources */,
				94C4CFEC26BBA1E700C5EB0D /* ChartMockData.swift in Sources */,
				94A0032326BBCCC500F5A038 /* ThesisExample.swift in Sources */,
				945FCC8C26B7952D00DE0D88 /* ProfileView.swift in Sources */,
				945FCC8A26B792AB00DE0D88 /* EdView.swift in Sources */,
				94C4CFEE26BBA6E400C5EB0D /* LineGraph.swift in Sources */,
				944E14A226BB099D001CDC1B /* ThesisBrowseView.swift in Sources */,
			);
			runOnlyForDeploymentPostprocessing = 0;
		};
/* End PBXSourcesBuildPhase section */

/* Begin XCBuildConfiguration section */
		945FCC7E26B51A2A00DE0D88 /* Debug */ = {
			isa = XCBuildConfiguration;
			buildSettings = {
				ALWAYS_SEARCH_USER_PATHS = NO;
				CLANG_ANALYZER_NONNULL = YES;
				CLANG_ANALYZER_NUMBER_OBJECT_CONVERSION = YES_AGGRESSIVE;
				CLANG_CXX_LANGUAGE_STANDARD = "gnu++14";
				CLANG_CXX_LIBRARY = "libc++";
				CLANG_ENABLE_MODULES = YES;
				CLANG_ENABLE_OBJC_ARC = YES;
				CLANG_ENABLE_OBJC_WEAK = YES;
				CLANG_WARN_BLOCK_CAPTURE_AUTORELEASING = YES;
				CLANG_WARN_BOOL_CONVERSION = YES;
				CLANG_WARN_COMMA = YES;
				CLANG_WARN_CONSTANT_CONVERSION = YES;
				CLANG_WARN_DEPRECATED_OBJC_IMPLEMENTATIONS = YES;
				CLANG_WARN_DIRECT_OBJC_ISA_USAGE = YES_ERROR;
				CLANG_WARN_DOCUMENTATION_COMMENTS = YES;
				CLANG_WARN_EMPTY_BODY = YES;
				CLANG_WARN_ENUM_CONVERSION = YES;
				CLANG_WARN_INFINITE_RECURSION = YES;
				CLANG_WARN_INT_CONVERSION = YES;
				CLANG_WARN_NON_LITERAL_NULL_CONVERSION = YES;
				CLANG_WARN_OBJC_IMPLICIT_RETAIN_SELF = YES;
				CLANG_WARN_OBJC_LITERAL_CONVERSION = YES;
				CLANG_WARN_OBJC_ROOT_CLASS = YES_ERROR;
				CLANG_WARN_QUOTED_INCLUDE_IN_FRAMEWORK_HEADER = YES;
				CLANG_WARN_RANGE_LOOP_ANALYSIS = YES;
				CLANG_WARN_STRICT_PROTOTYPES = YES;
				CLANG_WARN_SUSPICIOUS_MOVE = YES;
				CLANG_WARN_UNGUARDED_AVAILABILITY = YES_AGGRESSIVE;
				CLANG_WARN_UNREACHABLE_CODE = YES;
				CLANG_WARN__DUPLICATE_METHOD_MATCH = YES;
				COPY_PHASE_STRIP = NO;
				DEBUG_INFORMATION_FORMAT = dwarf;
				ENABLE_STRICT_OBJC_MSGSEND = YES;
				ENABLE_TESTABILITY = YES;
				GCC_C_LANGUAGE_STANDARD = gnu11;
				GCC_DYNAMIC_NO_PIC = NO;
				GCC_NO_COMMON_BLOCKS = YES;
				GCC_OPTIMIZATION_LEVEL = 0;
				GCC_PREPROCESSOR_DEFINITIONS = (
					"DEBUG=1",
					"$(inherited)",
				);
				GCC_WARN_64_TO_32_BIT_CONVERSION = YES;
				GCC_WARN_ABOUT_RETURN_TYPE = YES_ERROR;
				GCC_WARN_UNDECLARED_SELECTOR = YES;
				GCC_WARN_UNINITIALIZED_AUTOS = YES_AGGRESSIVE;
				GCC_WARN_UNUSED_FUNCTION = YES;
				GCC_WARN_UNUSED_VARIABLE = YES;
				IPHONEOS_DEPLOYMENT_TARGET = 14.5;
				MTL_ENABLE_DEBUG_INFO = INCLUDE_SOURCE;
				MTL_FAST_MATH = YES;
				ONLY_ACTIVE_ARCH = YES;
				SDKROOT = iphoneos;
				SWIFT_ACTIVE_COMPILATION_CONDITIONS = DEBUG;
				SWIFT_OPTIMIZATION_LEVEL = "-Onone";
			};
			name = Debug;
		};
		945FCC7F26B51A2A00DE0D88 /* Release */ = {
			isa = XCBuildConfiguration;
			buildSettings = {
				ALWAYS_SEARCH_USER_PATHS = NO;
				CLANG_ANALYZER_NONNULL = YES;
				CLANG_ANALYZER_NUMBER_OBJECT_CONVERSION = YES_AGGRESSIVE;
				CLANG_CXX_LANGUAGE_STANDARD = "gnu++14";
				CLANG_CXX_LIBRARY = "libc++";
				CLANG_ENABLE_MODULES = YES;
				CLANG_ENABLE_OBJC_ARC = YES;
				CLANG_ENABLE_OBJC_WEAK = YES;
				CLANG_WARN_BLOCK_CAPTURE_AUTORELEASING = YES;
				CLANG_WARN_BOOL_CONVERSION = YES;
				CLANG_WARN_COMMA = YES;
				CLANG_WARN_CONSTANT_CONVERSION = YES;
				CLANG_WARN_DEPRECATED_OBJC_IMPLEMENTATIONS = YES;
				CLANG_WARN_DIRECT_OBJC_ISA_USAGE = YES_ERROR;
				CLANG_WARN_DOCUMENTATION_COMMENTS = YES;
				CLANG_WARN_EMPTY_BODY = YES;
				CLANG_WARN_ENUM_CONVERSION = YES;
				CLANG_WARN_INFINITE_RECURSION = YES;
				CLANG_WARN_INT_CONVERSION = YES;
				CLANG_WARN_NON_LITERAL_NULL_CONVERSION = YES;
				CLANG_WARN_OBJC_IMPLICIT_RETAIN_SELF = YES;
				CLANG_WARN_OBJC_LITERAL_CONVERSION = YES;
				CLANG_WARN_OBJC_ROOT_CLASS = YES_ERROR;
				CLANG_WARN_QUOTED_INCLUDE_IN_FRAMEWORK_HEADER = YES;
				CLANG_WARN_RANGE_LOOP_ANALYSIS = YES;
				CLANG_WARN_STRICT_PROTOTYPES = YES;
				CLANG_WARN_SUSPICIOUS_MOVE = YES;
				CLANG_WARN_UNGUARDED_AVAILABILITY = YES_AGGRESSIVE;
				CLANG_WARN_UNREACHABLE_CODE = YES;
				CLANG_WARN__DUPLICATE_METHOD_MATCH = YES;
				COPY_PHASE_STRIP = NO;
				DEBUG_INFORMATION_FORMAT = "dwarf-with-dsym";
				ENABLE_NS_ASSERTIONS = NO;
				ENABLE_STRICT_OBJC_MSGSEND = YES;
				GCC_C_LANGUAGE_STANDARD = gnu11;
				GCC_NO_COMMON_BLOCKS = YES;
				GCC_WARN_64_TO_32_BIT_CONVERSION = YES;
				GCC_WARN_ABOUT_RETURN_TYPE = YES_ERROR;
				GCC_WARN_UNDECLARED_SELECTOR = YES;
				GCC_WARN_UNINITIALIZED_AUTOS = YES_AGGRESSIVE;
				GCC_WARN_UNUSED_FUNCTION = YES;
				GCC_WARN_UNUSED_VARIABLE = YES;
				IPHONEOS_DEPLOYMENT_TARGET = 14.5;
				MTL_ENABLE_DEBUG_INFO = NO;
				MTL_FAST_MATH = YES;
				SDKROOT = iphoneos;
				SWIFT_COMPILATION_MODE = wholemodule;
				SWIFT_OPTIMIZATION_LEVEL = "-O";
				VALIDATE_PRODUCT = YES;
			};
			name = Release;
		};
		945FCC8126B51A2A00DE0D88 /* Debug */ = {
			isa = XCBuildConfiguration;
			buildSettings = {
				ASSETCATALOG_COMPILER_APPICON_NAME = AppIcon;
				ASSETCATALOG_COMPILER_GLOBAL_ACCENT_COLOR_NAME = AccentColor;
				CODE_SIGN_IDENTITY = "Apple Development";
				CODE_SIGN_STYLE = Automatic;
				DEVELOPMENT_ASSET_PATHS = "\"mockup/Preview Content\"";
				DEVELOPMENT_TEAM = W2PV7N6B79;
				ENABLE_PREVIEWS = YES;
				INFOPLIST_FILE = mockup/Info.plist;
				IPHONEOS_DEPLOYMENT_TARGET = 14.0;
				LD_RUNPATH_SEARCH_PATHS = (
					"$(inherited)",
					"@executable_path/Frameworks",
				);
				PRODUCT_BUNDLE_IDENTIFIER = ErnestoRamirez.mockup;
				PRODUCT_NAME = "$(TARGET_NAME)";
				PROVISIONING_PROFILE_SPECIFIER = "";
				SWIFT_VERSION = 5.0;
				TARGETED_DEVICE_FAMILY = "1,2";
			};
			name = Debug;
		};
		945FCC8226B51A2A00DE0D88 /* Release */ = {
			isa = XCBuildConfiguration;
			buildSettings = {
				ASSETCATALOG_COMPILER_APPICON_NAME = AppIcon;
				ASSETCATALOG_COMPILER_GLOBAL_ACCENT_COLOR_NAME = AccentColor;
				CODE_SIGN_IDENTITY = "Apple Development";
				CODE_SIGN_STYLE = Automatic;
				DEVELOPMENT_ASSET_PATHS = "\"mockup/Preview Content\"";
				DEVELOPMENT_TEAM = W2PV7N6B79;
				ENABLE_PREVIEWS = YES;
				INFOPLIST_FILE = mockup/Info.plist;
				IPHONEOS_DEPLOYMENT_TARGET = 14.0;
				LD_RUNPATH_SEARCH_PATHS = (
					"$(inherited)",
					"@executable_path/Frameworks",
				);
				PRODUCT_BUNDLE_IDENTIFIER = ErnestoRamirez.mockup;
				PRODUCT_NAME = "$(TARGET_NAME)";
				PROVISIONING_PROFILE_SPECIFIER = "";
				SWIFT_VERSION = 5.0;
				TARGETED_DEVICE_FAMILY = "1,2";
			};
			name = Release;
		};
/* End XCBuildConfiguration section */

/* Begin XCConfigurationList section */
		945FCC6C26B51A2A00DE0D88 /* Build configuration list for PBXProject "mockup" */ = {
			isa = XCConfigurationList;
			buildConfigurations = (
				945FCC7E26B51A2A00DE0D88 /* Debug */,
				945FCC7F26B51A2A00DE0D88 /* Release */,
			);
			defaultConfigurationIsVisible = 0;
			defaultConfigurationName = Release;
		};
		945FCC8026B51A2A00DE0D88 /* Build configuration list for PBXNativeTarget "mockup" */ = {
			isa = XCConfigurationList;
			buildConfigurations = (
				945FCC8126B51A2A00DE0D88 /* Debug */,
				945FCC8226B51A2A00DE0D88 /* Release */,
			);
			defaultConfigurationIsVisible = 0;
			defaultConfigurationName = Release;
		};
/* End XCConfigurationList section */
	};
	rootObject = 945FCC6926B51A2A00DE0D88 /* Project object */;
}
